
Microsoft Visual Studio Solution File, Format Version 12.00
# Visual Studio Version 17
VisualStudioVersion = 17.11.35312.102
MinimumVisualStudioVersion = 10.0.40219.1
Project("{FAE04EC0-301F-11D3-BF4B-00C04F79EFBC}") = "muzafarova_backend", "muzafarova_backend.csproj", "{22376252-08C8-4BBE-A80C-CC9249E2BF42}"
EndProject
Global
	GlobalSection(SolutionConfigurationPlatforms) = preSolution
		Debug|Any CPU = Debug|Any CPU
		Release|Any CPU = Release|Any CPU
	EndGlobalSection
	GlobalSection(ProjectConfigurationPlatforms) = postSolution
		{22376252-08C8-4BBE-A80C-CC9249E2BF42}.Debug|Any CPU.ActiveCfg = Debug|Any CPU
		{22376252-08C8-4BBE-A80C-CC9249E2BF42}.Debug|Any CPU.Build.0 = Debug|Any CPU
		{22376252-08C8-4BBE-A80C-CC9249E2BF42}.Release|Any CPU.ActiveCfg = Release|Any CPU
		{22376252-08C8-4BBE-A80C-CC9249E2BF42}.Release|Any CPU.Build.0 = Release|Any CPU
	EndGlobalSection
	GlobalSection(SolutionProperties) = preSolution
		HideSolutionNode = FALSE
	EndGlobalSection
	GlobalSection(ExtensibilityGlobals) = postSolution
		SolutionGuid = {BB2E5921-140F-4289-9AD1-8FDE026C16DF}
	EndGlobalSection
EndGlobal
